// !$*UTF8*$!
{
	archiveVersion = 1;
	classes = {
	};
	objectVersion = 46;
	objects = {

/* Begin PBXBuildFile section */
		B0716AB41C0A031F00E487DE /* main.m in Sources */ = {isa = PBXBuildFile; fileRef = B0716AB31C0A031F00E487DE /* main.m */; };
		B0716AB71C0A031F00E487DE /* AppDelegate.m in Sources */ = {isa = PBXBuildFile; fileRef = B0716AB61C0A031F00E487DE /* AppDelegate.m */; };
		B0716ABA1C0A031F00E487DE /* Start.m in Sources */ = {isa = PBXBuildFile; fileRef = B0716AB91C0A031F00E487DE /* Start.m */; };
		B0716ABD1C0A031F00E487DE /* Main.storyboard in Resources */ = {isa = PBXBuildFile; fileRef = B0716ABB1C0A031F00E487DE /* Main.storyboard */; };
		B0716AC01C0A031F00E487DE /* ConektaToken.xcdatamodeld in Sources */ = {isa = PBXBuildFile; fileRef = B0716ABE1C0A031F00E487DE /* ConektaToken.xcdatamodeld */; };
		B0716AC21C0A031F00E487DE /* Assets.xcassets in Resources */ = {isa = PBXBuildFile; fileRef = B0716AC11C0A031F00E487DE /* Assets.xcassets */; };
		B0716AC51C0A031F00E487DE /* LaunchScreen.storyboard in Resources */ = {isa = PBXBuildFile; fileRef = B0716AC31C0A031F00E487DE /* LaunchScreen.storyboard */; };
		B0716ADA1C0A062200E487DE /* Card.m in Sources */ = {isa = PBXBuildFile; fileRef = B0716AD01C0A062200E487DE /* Card.m */; };
		B0716ADB1C0A062200E487DE /* Conekta.m in Sources */ = {isa = PBXBuildFile; fileRef = B0716AD21C0A062200E487DE /* Conekta.m */; };
		B0716ADC1C0A062200E487DE /* Connection.m in Sources */ = {isa = PBXBuildFile; fileRef = B0716AD71C0A062200E487DE /* Connection.m */; };
		B0716ADD1C0A062200E487DE /* Token.m in Sources */ = {isa = PBXBuildFile; fileRef = B0716AD91C0A062200E487DE /* Token.m */; };
/* End PBXBuildFile section */

/* Begin PBXFileReference section */
		B0716AAF1C0A031F00E487DE /* ConektaToken.app */ = {isa = PBXFileReference; explicitFileType = wrapper.application; includeInIndex = 0; path = ConektaToken.app; sourceTree = BUILT_PRODUCTS_DIR; };
		B0716AB31C0A031F00E487DE /* main.m */ = {isa = PBXFileReference; lastKnownFileType = sourcecode.c.objc; path = main.m; sourceTree = "<group>"; };
		B0716AB51C0A031F00E487DE /* AppDelegate.h */ = {isa = PBXFileReference; lastKnownFileType = sourcecode.c.h; name = AppDelegate.h; path = ConektaToken/AppDelegate.h; sourceTree = "<group>"; };
		B0716AB61C0A031F00E487DE /* AppDelegate.m */ = {isa = PBXFileReference; lastKnownFileType = sourcecode.c.objc; name = AppDelegate.m; path = ConektaToken/AppDelegate.m; sourceTree = "<group>"; };
		B0716AB81C0A031F00E487DE /* Start.h */ = {isa = PBXFileReference; lastKnownFileType = sourcecode.c.h; name = Start.h; path = ConektaToken/Start.h; sourceTree = "<group>"; };
		B0716AB91C0A031F00E487DE /* Start.m */ = {isa = PBXFileReference; lastKnownFileType = sourcecode.c.objc; name = Start.m; path = ConektaToken/Start.m; sourceTree = "<group>"; };
		B0716ABC1C0A031F00E487DE /* Base */ = {isa = PBXFileReference; lastKnownFileType = file.storyboard; name = Base; path = Base.lproj/Main.storyboard; sourceTree = "<group>"; };
		B0716ABF1C0A031F00E487DE /* ConektaToken.xcdatamodel */ = {isa = PBXFileReference; lastKnownFileType = wrapper.xcdatamodel; path = ConektaToken.xcdatamodel; sourceTree = "<group>"; };
		B0716AC11C0A031F00E487DE /* Assets.xcassets */ = {isa = PBXFileReference; lastKnownFileType = folder.assetcatalog; path = Assets.xcassets; sourceTree = "<group>"; };
		B0716AC41C0A031F00E487DE /* Base */ = {isa = PBXFileReference; lastKnownFileType = file.storyboard; name = Base; path = Base.lproj/LaunchScreen.storyboard; sourceTree = "<group>"; };
		B0716AC61C0A031F00E487DE /* Info.plist */ = {isa = PBXFileReference; lastKnownFileType = text.plist.xml; path = Info.plist; sourceTree = "<group>"; };
		B0716ACF1C0A062200E487DE /* Card.h */ = {isa = PBXFileReference; fileEncoding = 4; lastKnownFileType = sourcecode.c.h; name = Card.h; path = ConektaToken/Conekta/Card.h; sourceTree = "<group>"; };
		B0716AD01C0A062200E487DE /* Card.m */ = {isa = PBXFileReference; fileEncoding = 4; lastKnownFileType = sourcecode.c.objc; name = Card.m; path = ConektaToken/Conekta/Card.m; sourceTree = "<group>"; };
		B0716AD11C0A062200E487DE /* Conekta.h */ = {isa = PBXFileReference; fileEncoding = 4; lastKnownFileType = sourcecode.c.h; name = Conekta.h; path = ConektaToken/Conekta/Conekta.h; sourceTree = "<group>"; };
		B0716AD21C0A062200E487DE /* Conekta.m */ = {isa = PBXFileReference; fileEncoding = 4; lastKnownFileType = sourcecode.c.objc; name = Conekta.m; path = ConektaToken/Conekta/Conekta.m; sourceTree = "<group>"; };
		B0716AD31C0A062200E487DE /* Conekta.xcodeproj */ = {isa = PBXFileReference; lastKnownFileType = "wrapper.pb-project"; name = Conekta.xcodeproj; path = ConektaToken/Conekta/Conekta.xcodeproj; sourceTree = "<group>"; };
		B0716AD61C0A062200E487DE /* Connection.h */ = {isa = PBXFileReference; fileEncoding = 4; lastKnownFileType = sourcecode.c.h; name = Connection.h; path = ConektaToken/Conekta/Connection.h; sourceTree = "<group>"; };
		B0716AD71C0A062200E487DE /* Connection.m */ = {isa = PBXFileReference; fileEncoding = 4; lastKnownFileType = sourcecode.c.objc; name = Connection.m; path = ConektaToken/Conekta/Connection.m; sourceTree = "<group>"; };
		B0716AD81C0A062200E487DE /* Token.h */ = {isa = PBXFileReference; fileEncoding = 4; lastKnownFileType = sourcecode.c.h; name = Token.h; path = ConektaToken/Conekta/Token.h; sourceTree = "<group>"; };
		B0716AD91C0A062200E487DE /* Token.m */ = {isa = PBXFileReference; fileEncoding = 4; lastKnownFileType = sourcecode.c.objc; name = Token.m; path = ConektaToken/Conekta/Token.m; sourceTree = "<group>"; };
/* End PBXFileReference section */

/* Begin PBXFrameworksBuildPhase section */
		B0716AAC1C0A031F00E487DE /* Frameworks */ = {
			isa = PBXFrameworksBuildPhase;
			buildActionMask = 2147483647;
			files = (
			);
			runOnlyForDeploymentPostprocessing = 0;
		};
/* End PBXFrameworksBuildPhase section */

/* Begin PBXGroup section */
		B0716AA61C0A031F00E487DE = {
			isa = PBXGroup;
			children = (
				B0716ADE1C0A1BBE00E487DE /* PayPalMobile */,
				B0716ACE1C0A042D00E487DE /* Conekta */,
				B0716ACD1C0A035E00E487DE /* Controllers */,
				B0716ACC1C0A035000E487DE /* Main */,
				B0716AB11C0A031F00E487DE /* ConektaToken */,
				B0716AB01C0A031F00E487DE /* Products */,
			);
			sourceTree = "<group>";
		};
		B0716AB01C0A031F00E487DE /* Products */ = {
			isa = PBXGroup;
			children = (
				B0716AAF1C0A031F00E487DE /* ConektaToken.app */,
			);
			name = Products;
			sourceTree = "<group>";
		};
		B0716AB11C0A031F00E487DE /* ConektaToken */ = {
			isa = PBXGroup;
			children = (
				B0716ABB1C0A031F00E487DE /* Main.storyboard */,
				B0716AC11C0A031F00E487DE /* Assets.xcassets */,
				B0716AC31C0A031F00E487DE /* LaunchScreen.storyboard */,
				B0716AC61C0A031F00E487DE /* Info.plist */,
				B0716ABE1C0A031F00E487DE /* ConektaToken.xcdatamodeld */,
				B0716AB21C0A031F00E487DE /* Supporting Files */,
			);
			path = ConektaToken;
			sourceTree = "<group>";
		};
		B0716AB21C0A031F00E487DE /* Supporting Files */ = {
			isa = PBXGroup;
			children = (
				B0716AB31C0A031F00E487DE /* main.m */,
			);
			name = "Supporting Files";
			sourceTree = "<group>";
		};
		B0716ACC1C0A035000E487DE /* Main */ = {
			isa = PBXGroup;
			children = (
				B0716AB51C0A031F00E487DE /* AppDelegate.h */,
				B0716AB61C0A031F00E487DE /* AppDelegate.m */,
			);
			name = Main;
			sourceTree = "<group>";
		};
		B0716ACD1C0A035E00E487DE /* Controllers */ = {
			isa = PBXGroup;
			children = (
				B0716AB81C0A031F00E487DE /* Start.h */,
				B0716AB91C0A031F00E487DE /* Start.m */,
			);
			name = Controllers;
			sourceTree = "<group>";
		};
		B0716ACE1C0A042D00E487DE /* Conekta */ = {
			isa = PBXGroup;
			children = (
				B0716ACF1C0A062200E487DE /* Card.h */,
				B0716AD01C0A062200E487DE /* Card.m */,
				B0716AD11C0A062200E487DE /* Conekta.h */,
				B0716AD21C0A062200E487DE /* Conekta.m */,
				B0716AD31C0A062200E487DE /* Conekta.xcodeproj */,
				B0716AD61C0A062200E487DE /* Connection.h */,
				B0716AD71C0A062200E487DE /* Connection.m */,
				B0716AD81C0A062200E487DE /* Token.h */,
				B0716AD91C0A062200E487DE /* Token.m */,
			);
			name = Conekta;
			sourceTree = "<group>";
		};
		B0716AD41C0A062200E487DE /* Products */ = {
			isa = PBXGroup;
			children = (
			);
			name = Products;
			sourceTree = "<group>";
		};
		B0716ADE1C0A1BBE00E487DE /* PayPalMobile */ = {
			isa = PBXGroup;
			children = (
			);
			name = PayPalMobile;
			sourceTree = "<group>";
		};
/* End PBXGroup section */

/* Begin PBXNativeTarget section */
		B0716AAE1C0A031F00E487DE /* ConektaToken */ = {
			isa = PBXNativeTarget;
			buildConfigurationList = B0716AC91C0A031F00E487DE /* Build configuration list for PBXNativeTarget "ConektaToken" */;
			buildPhases = (
				B0716AAB1C0A031F00E487DE /* Sources */,
				B0716AAC1C0A031F00E487DE /* Frameworks */,
				B0716AAD1C0A031F00E487DE /* Resources */,
			);
			buildRules = (
			);
			dependencies = (
			);
			name = ConektaToken;
			productName = ConektaToken;
			productReference = B0716AAF1C0A031F00E487DE /* ConektaToken.app */;
			productType = "com.apple.product-type.application";
		};
/* End PBXNativeTarget section */

/* Begin PBXProject section */
		B0716AA71C0A031F00E487DE /* Project object */ = {
			isa = PBXProject;
			attributes = {
				LastUpgradeCheck = 0710;
				ORGANIZATIONNAME = alebautista;
				TargetAttributes = {
					B0716AAE1C0A031F00E487DE = {
						CreatedOnToolsVersion = 7.1.1;
						DevelopmentTeam = 45R45TQ82R;
					};
				};
			};
			buildConfigurationList = B0716AAA1C0A031F00E487DE /* Build configuration list for PBXProject "ConektaToken" */;
			compatibilityVersion = "Xcode 3.2";
			developmentRegion = English;
			hasScannedForEncodings = 0;
			knownRegions = (
				en,
				Base,
			);
			mainGroup = B0716AA61C0A031F00E487DE;
			productRefGroup = B0716AB01C0A031F00E487DE /* Products */;
			projectDirPath = "";
			projectReferences = (
				{
					ProductGroup = B0716AD41C0A062200E487DE /* Products */;
					ProjectRef = B0716AD31C0A062200E487DE /* Conekta.xcodeproj */;
				},
			);
			projectRoot = "";
			targets = (
				B0716AAE1C0A031F00E487DE /* ConektaToken */,
			);
		};
/* End PBXProject section */

/* Begin PBXResourcesBuildPhase section */
		B0716AAD1C0A031F00E487DE /* Resources */ = {
			isa = PBXResourcesBuildPhase;
			buildActionMask = 2147483647;
			files = (
				B0716AC51C0A031F00E487DE /* LaunchScreen.storyboard in Resources */,
				B0716AC21C0A031F00E487DE /* Assets.xcassets in Resources */,
				B0716ABD1C0A031F00E487DE /* Main.storyboard in Resources */,
			);
			runOnlyForDeploymentPostprocessing = 0;
		};
/* End PBXResourcesBuildPhase section */

/* Begin PBXSourcesBuildPhase section */
		B0716AAB1C0A031F00E487DE /* Sources */ = {
			isa = PBXSourcesBuildPhase;
			buildActionMask = 2147483647;
			files = (
				B0716ADA1C0A062200E487DE /* Card.m in Sources */,
				B0716ADC1C0A062200E487DE /* Connection.m in Sources */,
				B0716ADB1C0A062200E487DE /* Conekta.m in Sources */,
				B0716ADD1C0A062200E487DE /* Token.m in Sources */,
				B0716ABA1C0A031F00E487DE /* Start.m in Sources */,
				B0716AB71C0A031F00E487DE /* AppDelegate.m in Sources */,
				B0716AB41C0A031F00E487DE /* main.m in Sources */,
				B0716AC01C0A031F00E487DE /* ConektaToken.xcdatamodeld in Sources */,
			);
			runOnlyForDeploymentPostprocessing = 0;
		};
/* End PBXSourcesBuildPhase section */

/* Begin PBXVariantGroup section */
		B0716ABB1C0A031F00E487DE /* Main.storyboard */ = {
			isa = PBXVariantGroup;
			children = (
				B0716ABC1C0A031F00E487DE /* Base */,
			);
			name = Main.storyboard;
			sourceTree = "<group>";
		};
		B0716AC31C0A031F00E487DE /* LaunchScreen.storyboard */ = {
			isa = PBXVariantGroup;
			children = (
				B0716AC41C0A031F00E487DE /* Base */,
			);
			name = LaunchScreen.storyboard;
			sourceTree = "<group>";
		};
/* End PBXVariantGroup section */

/* Begin XCBuildConfiguration section */
		B0716AC71C0A031F00E487DE /* Debug */ = {
			isa = XCBuildConfiguration;
			buildSettings = {
				ALWAYS_SEARCH_USER_PATHS = NO;
				CLANG_CXX_LANGUAGE_STANDARD = "gnu++0x";
				CLANG_CXX_LIBRARY = "libc++";
				CLANG_ENABLE_MODULES = YES;
				CLANG_ENABLE_OBJC_ARC = YES;
				CLANG_WARN_BOOL_CONVERSION = YES;
				CLANG_WARN_CONSTANT_CONVERSION = YES;
				CLANG_WARN_DIRECT_OBJC_ISA_USAGE = YES_ERROR;
				CLANG_WARN_EMPTY_BODY = YES;
				CLANG_WARN_ENUM_CONVERSION = YES;
				CLANG_WARN_INT_CONVERSION = YES;
				CLANG_WARN_OBJC_ROOT_CLASS = YES_ERROR;
				CLANG_WARN_UNREACHABLE_CODE = YES;
				CLANG_WARN__DUPLICATE_METHOD_MATCH = YES;
				"CODE_SIGN_IDENTITY[sdk=iphoneos*]" = "iPhone Developer";
				COPY_PHASE_STRIP = NO;
				DEBUG_INFORMATION_FORMAT = dwarf;
				ENABLE_STRICT_OBJC_MSGSEND = YES;
				ENABLE_TESTABILITY = YES;
				GCC_C_LANGUAGE_STANDARD = gnu99;
				GCC_DYNAMIC_NO_PIC = NO;
				GCC_NO_COMMON_BLOCKS = YES;
				GCC_OPTIMIZATION_LEVEL = 0;
				GCC_PREPROCESSOR_DEFINITIONS = (
					"DEBUG=1",
					"$(inherited)",
				);
				GCC_WARN_64_TO_32_BIT_CONVERSION = YES;
				GCC_WARN_ABOUT_RETURN_TYPE = YES_ERROR;
				GCC_WARN_UNDECLARED_SELECTOR = YES;
				GCC_WARN_UNINITIALIZED_AUTOS = YES_AGGRESSIVE;
				GCC_WARN_UNUSED_FUNCTION = YES;
				GCC_WARN_UNUSED_VARIABLE = YES;
				IPHONEOS_DEPLOYMENT_TARGET = 9.1;
				MTL_ENABLE_DEBUG_INFO = YES;
				ONLY_ACTIVE_ARCH = YES;
				SDKROOT = iphoneos;
			};
			name = Debug;
		};
		B0716AC81C0A031F00E487DE /* Release */ = {
			isa = XCBuildConfiguration;
			buildSettings = {
				ALWAYS_SEARCH_USER_PATHS = NO;
				CLANG_CXX_LANGUAGE_STANDARD = "gnu++0x";
				CLANG_CXX_LIBRARY = "libc++";
				CLANG_ENABLE_MODULES = YES;
				CLANG_ENABLE_OBJC_ARC = YES;
				CLANG_WARN_BOOL_CONVERSION = YES;
				CLANG_WARN_CONSTANT_CONVERSION = YES;
				CLANG_WARN_DIRECT_OBJC_ISA_USAGE = YES_ERROR;
				CLANG_WARN_EMPTY_BODY = YES;
				CLANG_WARN_ENUM_CONVERSION = YES;
				CLANG_WARN_INT_CONVERSION = YES;
				CLANG_WARN_OBJC_ROOT_CLASS = YES_ERROR;
				CLANG_WARN_UNREACHABLE_CODE = YES;
				CLANG_WARN__DUPLICATE_METHOD_MATCH = YES;
				"CODE_SIGN_IDENTITY[sdk=iphoneos*]" = "iPhone Developer";
				COPY_PHASE_STRIP = NO;
				DEBUG_INFORMATION_FORMAT = "dwarf-with-dsym";
				ENABLE_NS_ASSERTIONS = NO;
				ENABLE_STRICT_OBJC_MSGSEND = YES;
				GCC_C_LANGUAGE_STANDARD = gnu99;
				GCC_NO_COMMON_BLOCKS = YES;
				GCC_WARN_64_TO_32_BIT_CONVERSION = YES;
				GCC_WARN_ABOUT_RETURN_TYPE = YES_ERROR;
				GCC_WARN_UNDECLARED_SELECTOR = YES;
				GCC_WARN_UNINITIALIZED_AUTOS = YES_AGGRESSIVE;
				GCC_WARN_UNUSED_FUNCTION = YES;
				GCC_WARN_UNUSED_VARIABLE = YES;
				IPHONEOS_DEPLOYMENT_TARGET = 9.1;
				MTL_ENABLE_DEBUG_INFO = NO;
				SDKROOT = iphoneos;
				VALIDATE_PRODUCT = YES;
			};
			name = Release;
		};
		B0716ACA1C0A031F00E487DE /* Debug */ = {
			isa = XCBuildConfiguration;
			buildSettings = {
				ASSETCATALOG_COMPILER_APPICON_NAME = AppIcon;
				CODE_SIGN_IDENTITY = "iPhone Developer";
				"CODE_SIGN_IDENTITY[sdk=iphoneos*]" = "iPhone Developer";
				INFOPLIST_FILE = ConektaToken/Info.plist;
				LD_RUNPATH_SEARCH_PATHS = "$(inherited) @executable_path/Frameworks";
				LIBRARY_SEARCH_PATHS = (
					"$(inherited)",
					"$(PROJECT_DIR)/Conekta",
				);
				PRODUCT_BUNDLE_IDENTIFIER = com.alebautista.ConektaToken;
				PRODUCT_NAME = "$(TARGET_NAME)";
				PROVISIONING_PROFILE = "";
			};
			name = Debug;
		};
		B0716ACB1C0A031F00E487DE /* Release */ = {
			isa = XCBuildConfiguration;
			buildSettings = {
				ASSETCATALOG_COMPILER_APPICON_NAME = AppIcon;
				CODE_SIGN_IDENTITY = "iPhone Developer";
				"CODE_SIGN_IDENTITY[sdk=iphoneos*]" = "iPhone Developer";
				INFOPLIST_FILE = ConektaToken/Info.plist;
				LD_RUNPATH_SEARCH_PATHS = "$(inherited) @executable_path/Frameworks";
				LIBRARY_SEARCH_PATHS = (
					"$(inherited)",
					"$(PROJECT_DIR)/Conekta",
				);
				PRODUCT_BUNDLE_IDENTIFIER = com.alebautista.ConektaToken;
				PRODUCT_NAME = "$(TARGET_NAME)";
				PROVISIONING_PROFILE = "";
			};
			name = Release;
		};
/* End XCBuildConfiguration section */

/* Begin XCConfigurationList section */
		B0716AAA1C0A031F00E487DE /* Build configuration list for PBXProject "ConektaToken" */ = {
			isa = XCConfigurationList;
			buildConfigurations = (
				B0716AC71C0A031F00E487DE /* Debug */,
				B0716AC81C0A031F00E487DE /* Release */,
			);
			defaultConfigurationIsVisible = 0;
			defaultConfigurationName = Release;
		};
		B0716AC91C0A031F00E487DE /* Build configuration list for PBXNativeTarget "ConektaToken" */ = {
			isa = XCConfigurationList;
			buildConfigurations = (
				B0716ACA1C0A031F00E487DE /* Debug */,
				B0716ACB1C0A031F00E487DE /* Release */,
			);
			defaultConfigurationIsVisible = 0;
			defaultConfigurationName = Release;
		};
/* End XCConfigurationList section */

/* Begin XCVersionGroup section */
		B0716ABE1C0A031F00E487DE /* ConektaToken.xcdatamodeld */ = {
			isa = XCVersionGroup;
			children = (
				B0716ABF1C0A031F00E487DE /* ConektaToken.xcdatamodel */,
			);
			currentVersion = B0716ABF1C0A031F00E487DE /* ConektaToken.xcdatamodel */;
			path = ConektaToken.xcdatamodeld;
			sourceTree = "<group>";
			versionGroupType = wrapper.xcdatamodel;
		};
/* End XCVersionGroup section */
	};
	rootObject = B0716AA71C0A031F00E487DE /* Project object */;
}
